<?xml version="1.0" encoding="utf-8"?>
<Project ToolsVersion="4.0" xmlns="http://schemas.microsoft.com/developer/msbuild/2003">
  <ItemGroup>
    <Filter Include="源文件">
      <UniqueIdentifier>{4FC737F1-C7A5-4376-A066-2A32D752A2FF}</UniqueIdentifier>
      <Extensions>cpp;c;cc;cxx;c++;cppm;ixx;def;odl;idl;hpj;bat;asm;asmx</Extensions>
    </Filter>
    <Filter Include="头文件">
      <UniqueIdentifier>{93995380-89BD-4b04-88EB-625FBE52EBFB}</UniqueIdentifier>
      <Extensions>h;hh;hpp;hxx;h++;hm;inl;inc;ipp;xsd</Extensions>
    </Filter>
    <Filter Include="资源文件">
      <UniqueIdentifier>{67DA6AB6-F800-4c08-8B7A-83BB121AAD01}</UniqueIdentifier>
      <Extensions>rc;ico;cur;bmp;dlg;rc2;rct;bin;rgs;gif;jpg;jpeg;jpe;resx;tiff;tif;png;wav;mfcribbon-ms</Extensions>
    </Filter>
    <Filter Include="资源">
      <UniqueIdentifier>{93e149e1-65c5-484f-b8ea-42e3c0ed84e7}</UniqueIdentifier>
    </Filter>
    <Filter Include="头文件\Json">
      <UniqueIdentifier>{56758ce8-97b9-4f53-9275-f1064cbbb959}</UniqueIdentifier>
    </Filter>
    <Filter Include="头文件\InGame">
      <UniqueIdentifier>{fc47c6d0-80dc-4a7b-8d70-b799869aadb4}</UniqueIdentifier>
    </Filter>
    <Filter Include="头文件\ExtraEasy2D">
      <UniqueIdentifier>{e7452472-5a38-44ab-8657-2f77e808b556}</UniqueIdentifier>
    </Filter>
  </ItemGroup>
  <ItemGroup>
    <ClCompile Include="Code\jsoncpp.cpp">
      <Filter>源文件</Filter>
    </ClCompile>
    <ClCompile Include="Code\Main.cpp">
      <Filter>源文件</Filter>
    </ClCompile>
    <ClCompile Include="Code\SceneControl.cpp">
      <Filter>源文件</Filter>
    </ClCompile>
    <ClCompile Include="Code\ObjectOperation.cpp">
      <Filter>源文件</Filter>
    </ClCompile>
    <ClCompile Include="Code\CameraModule.cpp">
      <Filter>源文件</Filter>
    </ClCompile>
  </ItemGroup>
  <ItemGroup>
    <ClInclude Include="Code\Environment.hpp">
      <Filter>头文件</Filter>
    </ClInclude>
    <ClInclude Include="Code\CameraModule.hpp">
      <Filter>头文件\ExtraEasy2D</Filter>
    </ClInclude>
    <ClInclude Include="Code\SceneControl.hpp">
      <Filter>头文件\ExtraEasy2D</Filter>
    </ClInclude>
    <ClInclude Include="Code\Function.hpp">
      <Filter>头文件</Filter>
    </ClInclude>
    <ClInclude Include="Code\ObjectOperation.hpp">
      <Filter>头文件\InGame</Filter>
    </ClInclude>
    <ClInclude Include="Code\json\json.h">
      <Filter>头文件\Json</Filter>
    </ClInclude>
    <ClInclude Include="Code\json\json-forwards.h">
      <Filter>头文件\Json</Filter>
    </ClInclude>
    <ClInclude Include="Code\SourceLoad.hpp">
      <Filter>头文件</Filter>
    </ClInclude>
  </ItemGroup>
  <ItemGroup>
    <None Include="Data\Actions.json">
      <Filter>资源</Filter>
    </None>
    <None Include="Data\Data.json">
      <Filter>资源</Filter>
    </None>
    <None Include="Data\Ships.json">
      <Filter>资源</Filter>
    </None>
    <None Include="Data\Styles.json">
      <Filter>资源</Filter>
    </None>
    <None Include="Data\Weapons.json">
      <Filter>资源</Filter>
    </None>
    <None Include="Data\Particles.json">
      <Filter>资源</Filter>
    </None>
    <None Include="Data\Bullets.json">
      <Filter>资源</Filter>
    </None>
  </ItemGroup>
</Project>